// !$*UTF8*$!
{
	archiveVersion = 1;
	classes = {
	};
	objectVersion = 50;
	objects = {

/* Begin PBXBuildFile section */
		394681DD25598F5100F9998D /* frameworksApp.swift in Sources */ = {isa = PBXBuildFile; fileRef = 394681DC25598F5100F9998D /* frameworksApp.swift */; };
		394681DF25598F5100F9998D /* ContentView.swift in Sources */ = {isa = PBXBuildFile; fileRef = 394681DE25598F5100F9998D /* ContentView.swift */; };
		394681E125598F5200F9998D /* Assets.xcassets in Resources */ = {isa = PBXBuildFile; fileRef = 394681E025598F5200F9998D /* Assets.xcassets */; };
		394681E425598F5200F9998D /* Preview Assets.xcassets in Resources */ = {isa = PBXBuildFile; fileRef = 394681E325598F5200F9998D /* Preview Assets.xcassets */; };
		394681EE2559906000F9998D /* Framework.swift in Sources */ = {isa = PBXBuildFile; fileRef = 394681ED2559906000F9998D /* Framework.swift */; };
		394681F42559922900F9998D /* FrameworkGridView.swift in Sources */ = {isa = PBXBuildFile; fileRef = 394681F32559922900F9998D /* FrameworkGridView.swift */; };
		394681F82559B32C00F9998D /* FrameworkDetailView.swift in Sources */ = {isa = PBXBuildFile; fileRef = 394681F72559B32C00F9998D /* FrameworkDetailView.swift */; };
		394682012559C10100F9998D /* AFButtonView.swift in Sources */ = {isa = PBXBuildFile; fileRef = 394682002559C10100F9998D /* AFButtonView.swift */; };
		394682052559CC7D00F9998D /* FrameworkGridViewModel.swift in Sources */ = {isa = PBXBuildFile; fileRef = 394682042559CC7D00F9998D /* FrameworkGridViewModel.swift */; };
/* End PBXBuildFile section */

/* Begin PBXFileReference section */
		394681D925598F5100F9998D /* frameworks.app */ = {isa = PBXFileReference; explicitFileType = wrapper.application; includeInIndex = 0; path = frameworks.app; sourceTree = BUILT_PRODUCTS_DIR; };
		394681DC25598F5100F9998D /* frameworksApp.swift */ = {isa = PBXFileReference; lastKnownFileType = sourcecode.swift; path = frameworksApp.swift; sourceTree = "<group>"; };
		394681DE25598F5100F9998D /* ContentView.swift */ = {isa = PBXFileReference; lastKnownFileType = sourcecode.swift; path = ContentView.swift; sourceTree = "<group>"; };
		394681E025598F5200F9998D /* Assets.xcassets */ = {isa = PBXFileReference; lastKnownFileType = folder.assetcatalog; path = Assets.xcassets; sourceTree = "<group>"; };
		394681E325598F5200F9998D /* Preview Assets.xcassets */ = {isa = PBXFileReference; lastKnownFileType = folder.assetcatalog; path = "Preview Assets.xcassets"; sourceTree = "<group>"; };
		394681E525598F5200F9998D /* Info.plist */ = {isa = PBXFileReference; lastKnownFileType = text.plist.xml; path = Info.plist; sourceTree = "<group>"; };
		394681ED2559906000F9998D /* Framework.swift */ = {isa = PBXFileReference; lastKnownFileType = sourcecode.swift; path = Framework.swift; sourceTree = "<group>"; };
		394681F32559922900F9998D /* FrameworkGridView.swift */ = {isa = PBXFileReference; lastKnownFileType = sourcecode.swift; path = FrameworkGridView.swift; sourceTree = "<group>"; };
		394681F72559B32C00F9998D /* FrameworkDetailView.swift */ = {isa = PBXFileReference; lastKnownFileType = sourcecode.swift; path = FrameworkDetailView.swift; sourceTree = "<group>"; };
		394682002559C10100F9998D /* AFButtonView.swift */ = {isa = PBXFileReference; lastKnownFileType = sourcecode.swift; path = AFButtonView.swift; sourceTree = "<group>"; };
		394682042559CC7D00F9998D /* FrameworkGridViewModel.swift */ = {isa = PBXFileReference; lastKnownFileType = sourcecode.swift; path = FrameworkGridViewModel.swift; sourceTree = "<group>"; };
/* End PBXFileReference section */

/* Begin PBXFrameworksBuildPhase section */
		394681D625598F5100F9998D /* Frameworks */ = {
			isa = PBXFrameworksBuildPhase;
			buildActionMask = 2147483647;
			files = (
			);
			runOnlyForDeploymentPostprocessing = 0;
		};
/* End PBXFrameworksBuildPhase section */

/* Begin PBXGroup section */
		394681D025598F5100F9998D = {
			isa = PBXGroup;
			children = (
				394681DB25598F5100F9998D /* frameworks */,
				394681DA25598F5100F9998D /* Products */,
			);
			sourceTree = "<group>";
		};
		394681DA25598F5100F9998D /* Products */ = {
			isa = PBXGroup;
			children = (
				394681D925598F5100F9998D /* frameworks.app */,
			);
			name = Products;
			sourceTree = "<group>";
		};
		394681DB25598F5100F9998D /* frameworks */ = {
			isa = PBXGroup;
			children = (
				394681EC2559904200F9998D /* Models */,
				394682032559CC6100F9998D /* ModelsViews */,
				394681F12559920C00F9998D /* Views */,
				394681DC25598F5100F9998D /* frameworksApp.swift */,
				394681DE25598F5100F9998D /* ContentView.swift */,
				394681E025598F5200F9998D /* Assets.xcassets */,
				394681E525598F5200F9998D /* Info.plist */,
				394681E225598F5200F9998D /* Preview Content */,
			);
			path = frameworks;
			sourceTree = "<group>";
		};
		394681E225598F5200F9998D /* Preview Content */ = {
			isa = PBXGroup;
			children = (
				394681E325598F5200F9998D /* Preview Assets.xcassets */,
			);
			path = "Preview Content";
			sourceTree = "<group>";
		};
		394681EC2559904200F9998D /* Models */ = {
			isa = PBXGroup;
			children = (
				394681ED2559906000F9998D /* Framework.swift */,
			);
			path = Models;
			sourceTree = "<group>";
		};
		394681F12559920C00F9998D /* Views */ = {
			isa = PBXGroup;
			children = (
				394681F32559922900F9998D /* FrameworkGridView.swift */,
				394681F72559B32C00F9998D /* FrameworkDetailView.swift */,
				394682002559C10100F9998D /* AFButtonView.swift */,
			);
			path = Views;
			sourceTree = "<group>";
		};
		394682032559CC6100F9998D /* ModelsViews */ = {
			isa = PBXGroup;
			children = (
				394682042559CC7D00F9998D /* FrameworkGridViewModel.swift */,
			);
			path = ModelsViews;
			sourceTree = "<group>";
		};
/* End PBXGroup section */

/* Begin PBXNativeTarget section */
		394681D825598F5100F9998D /* frameworks */ = {
			isa = PBXNativeTarget;
			buildConfigurationList = 394681E825598F5200F9998D /* Build configuration list for PBXNativeTarget "frameworks" */;
			buildPhases = (
				394681D525598F5100F9998D /* Sources */,
				394681D625598F5100F9998D /* Frameworks */,
				394681D725598F5100F9998D /* Resources */,
			);
			buildRules = (
			);
			dependencies = (
			);
			name = frameworks;
			productName = frameworks;
			productReference = 394681D925598F5100F9998D /* frameworks.app */;
			productType = "com.apple.product-type.application";
		};
/* End PBXNativeTarget section */

/* Begin PBXProject section */
		394681D125598F5100F9998D /* Project object */ = {
			isa = PBXProject;
			attributes = {
				LastSwiftUpdateCheck = 1210;
				LastUpgradeCheck = 1210;
				TargetAttributes = {
					394681D825598F5100F9998D = {
						CreatedOnToolsVersion = 12.1;
					};
				};
			};
			buildConfigurationList = 394681D425598F5100F9998D /* Build configuration list for PBXProject "frameworks" */;
			compatibilityVersion = "Xcode 9.3";
			developmentRegion = en;
			hasScannedForEncodings = 0;
			knownRegions = (
				en,
				Base,
			);
			mainGroup = 394681D025598F5100F9998D;
			productRefGroup = 394681DA25598F5100F9998D /* Products */;
			projectDirPath = "";
			projectRoot = "";
			targets = (
				394681D825598F5100F9998D /* frameworks */,
			);
		};
/* End PBXProject section */

/* Begin PBXResourcesBuildPhase section */
		394681D725598F5100F9998D /* Resources */ = {
			isa = PBXResourcesBuildPhase;
			buildActionMask = 2147483647;
			files = (
				394681E425598F5200F9998D /* Preview Assets.xcassets in Resources */,
				394681E125598F5200F9998D /* Assets.xcassets in Resources */,
			);
			runOnlyForDeploymentPostprocessing = 0;
		};
/* End PBXResourcesBuildPhase section */

/* Begin PBXSourcesBuildPhase section */
		394681D525598F5100F9998D /* Sources */ = {
			isa = PBXSourcesBuildPhase;
			buildActionMask = 2147483647;
			files = (
				394681DF25598F5100F9998D /* ContentView.swift in Sources */,
				394681F82559B32C00F9998D /* FrameworkDetailView.swift in Sources */,
				394681F42559922900F9998D /* FrameworkGridView.swift in Sources */,
				394682012559C10100F9998D /* AFButtonView.swift in Sources */,
				394681EE2559906000F9998D /* Framework.swift in Sources */,
				394682052559CC7D00F9998D /* FrameworkGridViewModel.swift in Sources */,
				394681DD25598F5100F9998D /* frameworksApp.swift in Sources */,
			);
			runOnlyForDeploymentPostprocessing = 0;
		};
/* End PBXSourcesBuildPhase section */

/* Begin XCBuildConfiguration section */
		394681E625598F5200F9998D /* Debug */ = {
			isa = XCBuildConfiguration;
			buildSettings = {
				ALWAYS_SEARCH_USER_PATHS = NO;
				CLANG_ANALYZER_NONNULL = YES;
				CLANG_ANALYZER_NUMBER_OBJECT_CONVERSION = YES_AGGRESSIVE;
				CLANG_CXX_LANGUAGE_STANDARD = "gnu++14";
				CLANG_CXX_LIBRARY = "libc++";
				CLANG_ENABLE_MODULES = YES;
				CLANG_ENABLE_OBJC_ARC = YES;
				CLANG_ENABLE_OBJC_WEAK = YES;
				CLANG_WARN_BLOCK_CAPTURE_AUTORELEASING = YES;
				CLANG_WARN_BOOL_CONVERSION = YES;
				CLANG_WARN_COMMA = YES;
				CLANG_WARN_CONSTANT_CONVERSION = YES;
				CLANG_WARN_DEPRECATED_OBJC_IMPLEMENTATIONS = YES;
				CLANG_WARN_DIRECT_OBJC_ISA_USAGE = YES_ERROR;
				CLANG_WARN_DOCUMENTATION_COMMENTS = YES;
				CLANG_WARN_EMPTY_BODY = YES;
				CLANG_WARN_ENUM_CONVERSION = YES;
				CLANG_WARN_INFINITE_RECURSION = YES;
				CLANG_WARN_INT_CONVERSION = YES;
				CLANG_WARN_NON_LITERAL_NULL_CONVERSION = YES;
				CLANG_WARN_OBJC_IMPLICIT_RETAIN_SELF = YES;
				CLANG_WARN_OBJC_LITERAL_CONVERSION = YES;
				CLANG_WARN_OBJC_ROOT_CLASS = YES_ERROR;
				CLANG_WARN_QUOTED_INCLUDE_IN_FRAMEWORK_HEADER = YES;
				CLANG_WARN_RANGE_LOOP_ANALYSIS = YES;
				CLANG_WARN_STRICT_PROTOTYPES = YES;
				CLANG_WARN_SUSPICIOUS_MOVE = YES;
				CLANG_WARN_UNGUARDED_AVAILABILITY = YES_AGGRESSIVE;
				CLANG_WARN_UNREACHABLE_CODE = YES;
				CLANG_WARN__DUPLICATE_METHOD_MATCH = YES;
				COPY_PHASE_STRIP = NO;
				DEBUG_INFORMATION_FORMAT = dwarf;
				ENABLE_STRICT_OBJC_MSGSEND = YES;
				ENABLE_TESTABILITY = YES;
				GCC_C_LANGUAGE_STANDARD = gnu11;
				GCC_DYNAMIC_NO_PIC = NO;
				GCC_NO_COMMON_BLOCKS = YES;
				GCC_OPTIMIZATION_LEVEL = 0;
				GCC_PREPROCESSOR_DEFINITIONS = (
					"DEBUG=1",
					"$(inherited)",
				);
				GCC_WARN_64_TO_32_BIT_CONVERSION = YES;
				GCC_WARN_ABOUT_RETURN_TYPE = YES_ERROR;
				GCC_WARN_UNDECLARED_SELECTOR = YES;
				GCC_WARN_UNINITIALIZED_AUTOS = YES_AGGRESSIVE;
				GCC_WARN_UNUSED_FUNCTION = YES;
				GCC_WARN_UNUSED_VARIABLE = YES;
				IPHONEOS_DEPLOYMENT_TARGET = 14.1;
				MTL_ENABLE_DEBUG_INFO = INCLUDE_SOURCE;
				MTL_FAST_MATH = YES;
				ONLY_ACTIVE_ARCH = YES;
				SDKROOT = iphoneos;
				SWIFT_ACTIVE_COMPILATION_CONDITIONS = DEBUG;
				SWIFT_OPTIMIZATION_LEVEL = "-Onone";
			};
			name = Debug;
		};
		394681E725598F5200F9998D /* Release */ = {
			isa = XCBuildConfiguration;
			buildSettings = {
				ALWAYS_SEARCH_USER_PATHS = NO;
				CLANG_ANALYZER_NONNULL = YES;
				CLANG_ANALYZER_NUMBER_OBJECT_CONVERSION = YES_AGGRESSIVE;
				CLANG_CXX_LANGUAGE_STANDARD = "gnu++14";
				CLANG_CXX_LIBRARY = "libc++";
				CLANG_ENABLE_MODULES = YES;
				CLANG_ENABLE_OBJC_ARC = YES;
				CLANG_ENABLE_OBJC_WEAK = YES;
				CLANG_WARN_BLOCK_CAPTURE_AUTORELEASING = YES;
				CLANG_WARN_BOOL_CONVERSION = YES;
				CLANG_WARN_COMMA = YES;
				CLANG_WARN_CONSTANT_CONVERSION = YES;
				CLANG_WARN_DEPRECATED_OBJC_IMPLEMENTATIONS = YES;
				CLANG_WARN_DIRECT_OBJC_ISA_USAGE = YES_ERROR;
				CLANG_WARN_DOCUMENTATION_COMMENTS = YES;
				CLANG_WARN_EMPTY_BODY = YES;
				CLANG_WARN_ENUM_CONVERSION = YES;
				CLANG_WARN_INFINITE_RECURSION = YES;
				CLANG_WARN_INT_CONVERSION = YES;
				CLANG_WARN_NON_LITERAL_NULL_CONVERSION = YES;
				CLANG_WARN_OBJC_IMPLICIT_RETAIN_SELF = YES;
				CLANG_WARN_OBJC_LITERAL_CONVERSION = YES;
				CLANG_WARN_OBJC_ROOT_CLASS = YES_ERROR;
				CLANG_WARN_QUOTED_INCLUDE_IN_FRAMEWORK_HEADER = YES;
				CLANG_WARN_RANGE_LOOP_ANALYSIS = YES;
				CLANG_WARN_STRICT_PROTOTYPES = YES;
				CLANG_WARN_SUSPICIOUS_MOVE = YES;
				CLANG_WARN_UNGUARDED_AVAILABILITY = YES_AGGRESSIVE;
				CLANG_WARN_UNREACHABLE_CODE = YES;
				CLANG_WARN__DUPLICATE_METHOD_MATCH = YES;
				COPY_PHASE_STRIP = NO;
				DEBUG_INFORMATION_FORMAT = "dwarf-with-dsym";
				ENABLE_NS_ASSERTIONS = NO;
				ENABLE_STRICT_OBJC_MSGSEND = YES;
				GCC_C_LANGUAGE_STANDARD = gnu11;
				GCC_NO_COMMON_BLOCKS = YES;
				GCC_WARN_64_TO_32_BIT_CONVERSION = YES;
				GCC_WARN_ABOUT_RETURN_TYPE = YES_ERROR;
				GCC_WARN_UNDECLARED_SELECTOR = YES;
				GCC_WARN_UNINITIALIZED_AUTOS = YES_AGGRESSIVE;
				GCC_WARN_UNUSED_FUNCTION = YES;
				GCC_WARN_UNUSED_VARIABLE = YES;
				IPHONEOS_DEPLOYMENT_TARGET = 14.1;
				MTL_ENABLE_DEBUG_INFO = NO;
				MTL_FAST_MATH = YES;
				SDKROOT = iphoneos;
				SWIFT_COMPILATION_MODE = wholemodule;
				SWIFT_OPTIMIZATION_LEVEL = "-O";
				VALIDATE_PRODUCT = YES;
			};
			name = Release;
		};
		394681E925598F5200F9998D /* Debug */ = {
			isa = XCBuildConfiguration;
			buildSettings = {
				ASSETCATALOG_COMPILER_APPICON_NAME = AppIcon;
				ASSETCATALOG_COMPILER_GLOBAL_ACCENT_COLOR_NAME = AccentColor;
				CODE_SIGN_STYLE = Automatic;
				DEVELOPMENT_ASSET_PATHS = "\"frameworks/Preview Content\"";
				DEVELOPMENT_TEAM = 9N2KB3Z455;
				ENABLE_PREVIEWS = YES;
				INFOPLIST_FILE = frameworks/Info.plist;
				IPHONEOS_DEPLOYMENT_TARGET = 14.0;
				LD_RUNPATH_SEARCH_PATHS = (
					"$(inherited)",
					"@executable_path/Frameworks",
				);
				PRODUCT_BUNDLE_IDENTIFIER = com.nawaf.frameworks;
				PRODUCT_NAME = "$(TARGET_NAME)";
				SWIFT_VERSION = 5.0;
				TARGETED_DEVICE_FAMILY = "1,2";
			};
			name = Debug;
		};
		394681EA25598F5200F9998D /* Release */ = {
			isa = XCBuildConfiguration;
			buildSettings = {
				ASSETCATALOG_COMPILER_APPICON_NAME = AppIcon;
				ASSETCATALOG_COMPILER_GLOBAL_ACCENT_COLOR_NAME = AccentColor;
				CODE_SIGN_STYLE = Automatic;
				DEVELOPMENT_ASSET_PATHS = "\"frameworks/Preview Content\"";
				DEVELOPMENT_TEAM = 9N2KB3Z455;
				ENABLE_PREVIEWS = YES;
				INFOPLIST_FILE = frameworks/Info.plist;
				IPHONEOS_DEPLOYMENT_TARGET = 14.0;
				LD_RUNPATH_SEARCH_PATHS = (
					"$(inherited)",
					"@executable_path/Frameworks",
				);
				PRODUCT_BUNDLE_IDENTIFIER = com.nawaf.frameworks;
				PRODUCT_NAME = "$(TARGET_NAME)";
				SWIFT_VERSION = 5.0;
				TARGETED_DEVICE_FAMILY = "1,2";
			};
			name = Release;
		};
/* End XCBuildConfiguration section */

/* Begin XCConfigurationList section */
		394681D425598F5100F9998D /* Build configuration list for PBXProject "frameworks" */ = {
			isa = XCConfigurationList;
			buildConfigurations = (
				394681E625598F5200F9998D /* Debug */,
				394681E725598F5200F9998D /* Release */,
			);
			defaultConfigurationIsVisible = 0;
			defaultConfigurationName = Release;
		};
		394681E825598F5200F9998D /* Build configuration list for PBXNativeTarget "frameworks" */ = {
			isa = XCConfigurationList;
			buildConfigurations = (
				394681E925598F5200F9998D /* Debug */,
				394681EA25598F5200F9998D /* Release */,
			);
			defaultConfigurationIsVisible = 0;
			defaultConfigurationName = Release;
		};
/* End XCConfigurationList section */
	};
	rootObject = 394681D125598F5100F9998D /* Project object */;
}
